
Microsoft Visual Studio Solution File, Format Version 12.00
# Visual Studio 2012
Project("{E24C65DC-7377-472B-9ABA-BC803B73C61A}") = "Food Randomizer", "http://localhost:64950", "{4A6D435F-EDCB-417A-9391-C3E47322A1E9}"
	ProjectSection(WebsiteProperties) = preProject
		UseIISExpress = "true"
		TargetFrameworkMoniker = ".NETFramework,Version%3Dv4.5"
		Debug.AspNetCompiler.VirtualPath = "/localhost_64950"
		Debug.AspNetCompiler.PhysicalPath = "..\..\WebSites\Food Randomizer\"
		Debug.AspNetCompiler.TargetPath = "PrecompiledWeb\localhost_64950\"
		Debug.AspNetCompiler.Updateable = "true"
		Debug.AspNetCompiler.ForceOverwrite = "true"
		Debug.AspNetCompiler.FixedNames = "false"
		Debug.AspNetCompiler.Debug = "True"
		Release.AspNetCompiler.VirtualPath = "/localhost_64950"
		Release.AspNetCompiler.PhysicalPath = "..\..\WebSites\Food Randomizer\"
		Release.AspNetCompiler.TargetPath = "PrecompiledWeb\localhost_64950\"
		Release.AspNetCompiler.Updateable = "true"
		Release.AspNetCompiler.ForceOverwrite = "true"
		Release.AspNetCompiler.FixedNames = "false"
		Release.AspNetCompiler.Debug = "False"
		SlnRelativePath = "..\..\WebSites\Food Randomizer\"
		DefaultWebSiteLanguage = "Visual C#"
	EndProjectSection
EndProject
Global
	GlobalSection(SolutionConfigurationPlatforms) = preSolution
		Debug|Any CPU = Debug|Any CPU
	EndGlobalSection
	GlobalSection(ProjectConfigurationPlatforms) = postSolution
		{4A6D435F-EDCB-417A-9391-C3E47322A1E9}.Debug|Any CPU.ActiveCfg = Debug|Any CPU
		{4A6D435F-EDCB-417A-9391-C3E47322A1E9}.Debug|Any CPU.Build.0 = Debug|Any CPU
	EndGlobalSection
	GlobalSection(SolutionProperties) = preSolution
		HideSolutionNode = FALSE
	EndGlobalSection
EndGlobal
